<?xml version="1.0" encoding="utf-8"?>
<Project ToolsVersion="4.0" xmlns="http://schemas.microsoft.com/developer/msbuild/2003">
  <ItemGroup>
    <Filter Include="Source Files">
      <UniqueIdentifier>{4FC737F1-C7A5-4376-A066-2A32D752A2FF}</UniqueIdentifier>
      <Extensions>cpp;c;cc;cxx;c++;cppm;ixx;def;odl;idl;hpj;bat;asm;asmx</Extensions>
    </Filter>
    <Filter Include="Header Files">
      <UniqueIdentifier>{93995380-89BD-4b04-88EB-625FBE52EBFB}</UniqueIdentifier>
      <Extensions>h;hh;hpp;hxx;h++;hm;inl;inc;ipp;xsd</Extensions>
    </Filter>
    <Filter Include="Resource Files">
      <UniqueIdentifier>{67DA6AB6-F800-4c08-8B7A-83BB121AAD01}</UniqueIdentifier>
      <Extensions>rc;ico;cur;bmp;dlg;rc2;rct;bin;rgs;gif;jpg;jpeg;jpe;resx;tiff;tif;png;wav;mfcribbon-ms</Extensions>
    </Filter>
  </ItemGroup>
  <ItemGroup>
    <ResourceCompile Include="BankAccount.rc">
      <Filter>Resource Files</Filter>
    </ResourceCompile>
  </ItemGroup>
  <ItemGroup>
    <Image Include="small.ico">
      <Filter>Resource Files</Filter>
    </Image>
    <Image Include="BankAccount.ico">
      <Filter>Resource Files</Filter>
    </Image>
  </ItemGroup>
  <ItemGroup>
    <ClCompile Include="src\Account.cpp">
      <Filter>Source Files</Filter>
    </ClCompile>
    <ClCompile Include="src\AccountManager.cpp">
      <Filter>Source Files</Filter>
    </ClCompile>
    <ClCompile Include="src\cApp.cpp">
      <Filter>Source Files</Filter>
    </ClCompile>
    <ClCompile Include="src\Category.cpp">
      <Filter>Source Files</Filter>
    </ClCompile>
    <ClCompile Include="src\CategorySystem.cpp">
      <Filter>Source Files</Filter>
    </ClCompile>
    <ClCompile Include="src\Client.cpp">
      <Filter>Source Files</Filter>
    </ClCompile>
    <ClCompile Include="src\cMain.cpp">
      <Filter>Source Files</Filter>
    </ClCompile>
    <ClCompile Include="src\Currency.cpp">
      <Filter>Source Files</Filter>
    </ClCompile>
    <ClCompile Include="src\Transaction.cpp">
      <Filter>Source Files</Filter>
    </ClCompile>
    <ClCompile Include="src\Query.cpp">
      <Filter>Source Files</Filter>
    </ClCompile>
    <ClCompile Include="src\CommonTypes.cpp">
      <Filter>Source Files</Filter>
    </ClCompile>
    <ClCompile Include="src\BankAccountFile.cpp">
      <Filter>Source Files</Filter>
    </ClCompile>
    <ClCompile Include="src\ClientManager.cpp">
      <Filter>Source Files</Filter>
    </ClCompile>
    <ClCompile Include="src\WQuery.cpp">
      <Filter>Source Files</Filter>
    </ClCompile>
    <ClCompile Include="src\TransactionType.cpp">
      <Filter>Source Files</Filter>
    </ClCompile>
    <ClCompile Include="src\ManagedType.cpp">
      <Filter>Source Files</Filter>
    </ClCompile>
    <ClCompile Include="src\ManagerType.cpp">
      <Filter>Source Files</Filter>
    </ClCompile>
    <ClCompile Include="src\DataImporter.cpp">
      <Filter>Source Files</Filter>
    </ClCompile>
    <ClCompile Include="src\AccountNumber.cpp">
      <Filter>Source Files</Filter>
    </ClCompile>
    <ClCompile Include="src\Logger.cpp">
      <Filter>Source Files</Filter>
    </ClCompile>
  </ItemGroup>
  <ItemGroup>
    <ClInclude Include="include\Account.h">
      <Filter>Header Files</Filter>
    </ClInclude>
    <ClInclude Include="include\AccountManager.h">
      <Filter>Header Files</Filter>
    </ClInclude>
    <ClInclude Include="include\cApp.h">
      <Filter>Header Files</Filter>
    </ClInclude>
    <ClInclude Include="include\Category.h">
      <Filter>Header Files</Filter>
    </ClInclude>
    <ClInclude Include="include\CategorySystem.h">
      <Filter>Header Files</Filter>
    </ClInclude>
    <ClInclude Include="include\Client.h">
      <Filter>Header Files</Filter>
    </ClInclude>
    <ClInclude Include="include\cMain.h">
      <Filter>Header Files</Filter>
    </ClInclude>
    <ClInclude Include="include\CommonTypes.h">
      <Filter>Header Files</Filter>
    </ClInclude>
    <ClInclude Include="include\Currency.h">
      <Filter>Header Files</Filter>
    </ClInclude>
    <ClInclude Include="include\IDataBase.h">
      <Filter>Header Files</Filter>
    </ClInclude>
    <ClInclude Include="include\RefCounted.h">
      <Filter>Header Files</Filter>
    </ClInclude>
    <ClInclude Include="include\Transaction.h">
      <Filter>Header Files</Filter>
    </ClInclude>
    <ClInclude Include="include\Query.h">
      <Filter>Header Files</Filter>
    </ClInclude>
    <ClInclude Include="include\IIdResolve.h">
      <Filter>Header Files</Filter>
    </ClInclude>
    <ClInclude Include="include\INameResolve.h">
      <Filter>Header Files</Filter>
    </ClInclude>
    <ClInclude Include="include\IAccount.h">
      <Filter>Header Files</Filter>
    </ClInclude>
    <ClInclude Include="include\BankAccountFile.h">
      <Filter>Header Files</Filter>
    </ClInclude>
    <ClInclude Include="include\ClientManager.h">
      <Filter>Header Files</Filter>
    </ClInclude>
    <ClInclude Include="include\WQuery.h">
      <Filter>Header Files</Filter>
    </ClInclude>
    <ClInclude Include="include\IWQuery.h">
      <Filter>Header Files</Filter>
    </ClInclude>
    <ClInclude Include="include\TransactionType.h">
      <Filter>Header Files</Filter>
    </ClInclude>
    <ClInclude Include="include\ManagedType.h">
      <Filter>Header Files</Filter>
    </ClInclude>
    <ClInclude Include="include\ManagerType.h">
      <Filter>Header Files</Filter>
    </ClInclude>
    <ClInclude Include="include\DataImporter.h">
      <Filter>Header Files</Filter>
    </ClInclude>
    <ClInclude Include="include\AccountNumber.h">
      <Filter>Header Files</Filter>
    </ClInclude>
    <ClInclude Include="include\Logger.h">
      <Filter>Header Files</Filter>
    </ClInclude>
  </ItemGroup>
  <ItemGroup>
    <Library Include="external\ZipLib.lib" />
    <Library Include="external\lzma.lib" />
    <Library Include="external\bzip2.lib" />
    <Library Include="external\zlib.lib" />
    <Library Include="..\..\ziplib\Bin\x64\Debug\bzip2.lib" />
    <Library Include="..\..\ziplib\Bin\x64\Debug\lzma.lib" />
    <Library Include="..\..\ziplib\Bin\x64\Debug\ZipLib.lib" />
    <Library Include="..\..\ziplib\Bin\x64\Debug\zlib.lib" />
  </ItemGroup>
</Project>