<?xml version="1.0" encoding="utf-8"?>
<Project ToolsVersion="4.0" xmlns="http://schemas.microsoft.com/developer/msbuild/2003">
  <ItemGroup>
    <Filter Include="Source Files">
      <UniqueIdentifier>{4FC737F1-C7A5-4376-A066-2A32D752A2FF}</UniqueIdentifier>
      <Extensions>cpp;c;cc;cxx;def;odl;idl;hpj;bat;asm;asmx</Extensions>
    </Filter>
    <Filter Include="Header Files">
      <UniqueIdentifier>{93995380-89BD-4b04-88EB-625FBE52EBFB}</UniqueIdentifier>
      <Extensions>h;hh;hpp;hxx;hm;inl;inc;xsd</Extensions>
    </Filter>
  </ItemGroup>
  <ItemGroup>
    <ClCompile Include="src\Account.cpp"><Filter>Source Files</Filter></ClCompile>
    <ClCompile Include="src\AccountManager.cpp"><Filter>Source Files</Filter></ClCompile>
    <ClCompile Include="src\AccountNumber.cpp"><Filter>Source Files</Filter></ClCompile>
    <ClCompile Include="src\BankAccountFile.cpp"><Filter>Source Files</Filter></ClCompile>
    <ClCompile Include="src\Category.cpp"><Filter>Source Files</Filter></ClCompile>
    <ClCompile Include="src\CategorySystem.cpp"><Filter>Source Files</Filter></ClCompile>
    <ClCompile Include="src\Client.cpp"><Filter>Source Files</Filter></ClCompile>
    <ClCompile Include="src\ClientManager.cpp"><Filter>Source Files</Filter></ClCompile>
    <ClCompile Include="src\CommonTypes.cpp"><Filter>Source Files</Filter></ClCompile>
    <ClCompile Include="src\Crc32.cpp"><Filter>Source Files</Filter></ClCompile>
    <ClCompile Include="src\Currency.cpp"><Filter>Source Files</Filter></ClCompile>
    <ClCompile Include="src\DataImporter.cpp"><Filter>Source Files</Filter></ClCompile>
    <ClCompile Include="src\DbLocationSettings.cpp"><Filter>Source Files</Filter></ClCompile>
    <ClCompile Include="src\ExchangeRateHistory.cpp"><Filter>Source Files</Filter></ClCompile>
    <ClCompile Include="src\Journal.cpp"><Filter>Source Files</Filter></ClCompile>
    <ClCompile Include="src\Logger.cpp"><Filter>Source Files</Filter></ClCompile>
    <ClCompile Include="src\LogData.cpp"><Filter>Source Files</Filter></ClCompile>
    <ClCompile Include="src\ManagedType.cpp"><Filter>Source Files</Filter></ClCompile>
    <ClCompile Include="src\ManagerType.cpp"><Filter>Source Files</Filter></ClCompile>
    <ClCompile Include="src\MnbExchangeRateClient.cpp"><Filter>Source Files</Filter></ClCompile>
    <ClCompile Include="src\NetworkLock.cpp"><Filter>Source Files</Filter></ClCompile>
    <ClCompile Include="src\FavoriteQuery.cpp"><Filter>Source Files</Filter></ClCompile>
    <ClCompile Include="src\Query.cpp"><Filter>Source Files</Filter></ClCompile>
    <ClCompile Include="src\RelativePeriod.cpp"><Filter>Source Files</Filter></ClCompile>
    <ClCompile Include="src\ReleaseManifest.cpp"><Filter>Source Files</Filter></ClCompile>
    <ClCompile Include="src\SelfUpdater.cpp"><Filter>Source Files</Filter></ClCompile>
    <ClCompile Include="src\Transaction.cpp"><Filter>Source Files</Filter></ClCompile>
    <ClCompile Include="src\TransactionType.cpp"><Filter>Source Files</Filter></ClCompile>
    <ClCompile Include="src\Version.cpp"><Filter>Source Files</Filter></ClCompile>
    <ClCompile Include="src\WQuery.cpp"><Filter>Source Files</Filter></ClCompile>
  </ItemGroup>
  <ItemGroup>
    <ClInclude Include="include\Account.h"><Filter>Header Files</Filter></ClInclude>
    <ClInclude Include="include\AccountManager.h"><Filter>Header Files</Filter></ClInclude>
    <ClInclude Include="include\AccountNumber.h"><Filter>Header Files</Filter></ClInclude>
    <ClInclude Include="include\BankAccountFile.h"><Filter>Header Files</Filter></ClInclude>
    <ClInclude Include="include\Category.h"><Filter>Header Files</Filter></ClInclude>
    <ClInclude Include="include\CategorySystem.h"><Filter>Header Files</Filter></ClInclude>
    <ClInclude Include="include\ChartData.h"><Filter>Header Files</Filter></ClInclude>
    <ClInclude Include="include\Client.h"><Filter>Header Files</Filter></ClInclude>
    <ClInclude Include="include\ClientManager.h"><Filter>Header Files</Filter></ClInclude>
    <ClInclude Include="include\CommonTypes.h"><Filter>Header Files</Filter></ClInclude>
    <ClInclude Include="include\Crc32.h"><Filter>Header Files</Filter></ClInclude>
    <ClInclude Include="include\Currency.h"><Filter>Header Files</Filter></ClInclude>
    <ClInclude Include="include\DataImporter.h"><Filter>Header Files</Filter></ClInclude>
    <ClInclude Include="include\DbLocationSettings.h"><Filter>Header Files</Filter></ClInclude>
    <ClInclude Include="include\ExchangeRateHistory.h"><Filter>Header Files</Filter></ClInclude>
    <ClInclude Include="include\IAccount.h"><Filter>Header Files</Filter></ClInclude>
    <ClInclude Include="include\IDataBase.h"><Filter>Header Files</Filter></ClInclude>
    <ClInclude Include="include\IIdResolve.h"><Filter>Header Files</Filter></ClInclude>
    <ClInclude Include="include\IManualResolve.h"><Filter>Header Files</Filter></ClInclude>
    <ClInclude Include="include\INameResolve.h"><Filter>Header Files</Filter></ClInclude>
    <ClInclude Include="include\INewAccount.h"><Filter>Header Files</Filter></ClInclude>
    <ClInclude Include="include\IWQuery.h"><Filter>Header Files</Filter></ClInclude>
    <ClInclude Include="include\Journal.h"><Filter>Header Files</Filter></ClInclude>
    <ClInclude Include="include\Logger.h"><Filter>Header Files</Filter></ClInclude>
    <ClInclude Include="include\LogData.h"><Filter>Header Files</Filter></ClInclude>
    <ClInclude Include="include\ManagedType.h"><Filter>Header Files</Filter></ClInclude>
    <ClInclude Include="include\ManagerType.h"><Filter>Header Files</Filter></ClInclude>
    <ClInclude Include="include\MnbExchangeRateClient.h"><Filter>Header Files</Filter></ClInclude>
    <ClInclude Include="include\NetworkLock.h"><Filter>Header Files</Filter></ClInclude>
    <ClInclude Include="include\FavoriteQuery.h"><Filter>Header Files</Filter></ClInclude>
    <ClInclude Include="include\Query.h"><Filter>Header Files</Filter></ClInclude>
    <ClInclude Include="include\RelativePeriod.h"><Filter>Header Files</Filter></ClInclude>
    <ClInclude Include="include\RefCounted.h"><Filter>Header Files</Filter></ClInclude>
    <ClInclude Include="include\ReleaseManifest.h"><Filter>Header Files</Filter></ClInclude>
    <ClInclude Include="include\SelfUpdater.h"><Filter>Header Files</Filter></ClInclude>
    <ClInclude Include="include\Transaction.h"><Filter>Header Files</Filter></ClInclude>
    <ClInclude Include="include\TransactionType.h"><Filter>Header Files</Filter></ClInclude>
    <ClInclude Include="include\Version.h"><Filter>Header Files</Filter></ClInclude>
    <ClInclude Include="include\WQuery.h"><Filter>Header Files</Filter></ClInclude>
  </ItemGroup>
</Project>
