<?xml version="1.0" encoding="utf-8"?>
<Project ToolsVersion="4.0" xmlns="http://schemas.microsoft.com/developer/msbuild/2003">
  <ItemGroup>
    <Filter Include="Source Files">
      <UniqueIdentifier>{4FC737F1-C7A5-4376-A066-2A32D752A2FF}</UniqueIdentifier>
      <Extensions>cpp;c;cc;cxx;c++;cppm;ixx;def;odl;idl;hpj;bat;asm;asmx</Extensions>
    </Filter>
    <Filter Include="Header Files">
      <UniqueIdentifier>{93995380-89BD-4b04-88EB-625FBE52EBFB}</UniqueIdentifier>
      <Extensions>h;hh;hpp;hxx;h++;hm;inl;inc;ipp;xsd</Extensions>
    </Filter>
    <Filter Include="Resource Files">
      <UniqueIdentifier>{67DA6AB6-F800-4c08-8B7A-83BB121AAD01}</UniqueIdentifier>
      <Extensions>rc;ico;cur;bmp;dlg;rc2;rct;bin;rgs;gif;jpg;jpeg;jpe;resx;tiff;tif;png;wav;mfcribbon-ms</Extensions>
    </Filter>
  </ItemGroup>
  <ItemGroup>
    <ResourceCompile Include="BankAccount.rc">
      <Filter>Resource Files</Filter>
    </ResourceCompile>
  </ItemGroup>
  <ItemGroup>
    <Image Include="small.ico">
      <Filter>Resource Files</Filter>
    </Image>
    <Image Include="BankAccount.ico">
      <Filter>Resource Files</Filter>
    </Image>
  </ItemGroup>
  <ItemGroup>
    <ClCompile Include="src\cApp.cpp">
      <Filter>Source Files</Filter>
    </ClCompile>
    <ClCompile Include="src\cMain.cpp">
      <Filter>Source Files</Filter>
    </ClCompile>
    <ClCompile Include="src\AddKeywordDialog.cpp">
      <Filter>Source Files</Filter>
    </ClCompile>
    <ClCompile Include="src\ManualResolverDialog.cpp">
      <Filter>Source Files</Filter>
    </ClCompile>
    <ClCompile Include="src\NewAccountDetailsDialog.cpp">
      <Filter>Source Files</Filter>
    </ClCompile>
    <ClCompile Include="src\LogViewerPanel.cpp">
      <Filter>Source Files</Filter>
    </ClCompile>
    <ClCompile Include="src\LogViewerFrame.cpp">
      <Filter>Source Files</Filter>
    </ClCompile>
    <ClCompile Include="src\RunWithProgress.cpp">
      <Filter>Source Files</Filter>
    </ClCompile>
    <ClCompile Include="src\ExcelExport.cpp">
      <Filter>Source Files</Filter>
    </ClCompile>
    <ClCompile Include="src\GuiHelpers.cpp">
      <Filter>Source Files</Filter>
    </ClCompile>
  </ItemGroup>
  <ItemGroup>
    <ClInclude Include="include\cApp.h">
      <Filter>Header Files</Filter>
    </ClInclude>
    <ClInclude Include="include\cMain.h">
      <Filter>Header Files</Filter>
    </ClInclude>
    <ClInclude Include="include\AddKeywordDialog.h">
      <Filter>Header Files</Filter>
    </ClInclude>
    <ClInclude Include="include\ManualResolverDialog.h">
      <Filter>Header Files</Filter>
    </ClInclude>
    <ClInclude Include="include\NewAccountDetailsDialog.h">
      <Filter>Header Files</Filter>
    </ClInclude>
    <ClInclude Include="include\LogViewerPanel.h">
      <Filter>Header Files</Filter>
    </ClInclude>
    <ClInclude Include="include\LogViewerFrame.h">
      <Filter>Header Files</Filter>
    </ClInclude>
    <ClInclude Include="include\RunWithProgress.h">
      <Filter>Header Files</Filter>
    </ClInclude>
    <ClInclude Include="include\ExcelExport.h">
      <Filter>Header Files</Filter>
    </ClInclude>
    <ClInclude Include="include\GuiHelpers.h">
      <Filter>Header Files</Filter>
    </ClInclude>
    <ClInclude Include="resource.h">
      <Filter>Header Files</Filter>
    </ClInclude>
  </ItemGroup>
  <ItemGroup>
    <Library Include="external\ZipLib.lib" />
    <Library Include="external\lzma.lib" />
    <Library Include="external\bzip2.lib" />
    <Library Include="external\zlib.lib" />
    <Library Include="..\..\ziplib\Bin\x64\Debug\bzip2.lib" />
    <Library Include="..\..\ziplib\Bin\x64\Debug\lzma.lib" />
    <Library Include="..\..\ziplib\Bin\x64\Debug\ZipLib.lib" />
    <Library Include="..\..\ziplib\Bin\x64\Debug\zlib.lib" />
  </ItemGroup>
</Project>