<?xml version="1.0" encoding="utf-8"?>
<Project ToolsVersion="4.0" xmlns="http://schemas.microsoft.com/developer/msbuild/2003">
  <ItemGroup>
    <Filter Include="Source Files">
      <UniqueIdentifier>{4FC737F1-C7A5-4376-A066-2A32D752A2FF}</UniqueIdentifier>
      <Extensions>cpp;c;cc;cxx;def;odl;idl;hpj;bat;asm;asmx</Extensions>
    </Filter>
  </ItemGroup>
  <ItemGroup>
    <ClCompile Include="tests\AccountManagerTests.cpp"><Filter>Source Files</Filter></ClCompile>
    <ClCompile Include="tests\CommonTypesTests.cpp"><Filter>Source Files</Filter></ClCompile>
    <ClCompile Include="tests\Crc32Tests.cpp"><Filter>Source Files</Filter></ClCompile>
    <ClCompile Include="tests\CurrencyTests.cpp"><Filter>Source Files</Filter></ClCompile>
    <ClCompile Include="tests\ManagedTypeTests.cpp"><Filter>Source Files</Filter></ClCompile>
    <ClCompile Include="tests\ManagerTypeTests.cpp"><Filter>Source Files</Filter></ClCompile>
    <ClCompile Include="tests\AccountNumberTests.cpp"><Filter>Source Files</Filter></ClCompile>
    <ClCompile Include="tests\ClientTests.cpp"><Filter>Source Files</Filter></ClCompile>
    <ClCompile Include="tests\ClientManagerTests.cpp"><Filter>Source Files</Filter></ClCompile>
    <ClCompile Include="tests\CategoryTests.cpp"><Filter>Source Files</Filter></ClCompile>
    <ClCompile Include="tests\CategorySystemTests.cpp"><Filter>Source Files</Filter></ClCompile>
    <ClCompile Include="tests\ExchangeRateHistoryTests.cpp"><Filter>Source Files</Filter></ClCompile>
    <ClCompile Include="tests\TransactionTests.cpp"><Filter>Source Files</Filter></ClCompile>
    <ClCompile Include="tests\AccountTests.cpp"><Filter>Source Files</Filter></ClCompile>
    <ClCompile Include="tests\QueryTests.cpp"><Filter>Source Files</Filter></ClCompile>
    <ClCompile Include="tests\WQueryTests.cpp"><Filter>Source Files</Filter></ClCompile>
    <ClCompile Include="tests\JournalTests.cpp"><Filter>Source Files</Filter></ClCompile>
  </ItemGroup>
</Project>
